
Microsoft Visual Studio Solution File, Format Version 12.00
# Visual Studio Version 16
VisualStudioVersion = 16.0.29025.244
MinimumVisualStudioVersion = 10.0.40219.1
Project("{FAE04EC0-301F-11D3-BF4B-00C04F79EFBC}") = "语法理解练习", "语法理解练习.csproj", "{6138EDAA-8FAF-411B-B173-5F6931BD0A38}"
EndProject
Global
	GlobalSection(SolutionConfigurationPlatforms) = preSolution
		Debug|Any CPU = Debug|Any CPU
		Release|Any CPU = Release|Any CPU
	EndGlobalSection
	GlobalSection(ProjectConfigurationPlatforms) = postSolution
		{6138EDAA-8FAF-411B-B173-5F6931BD0A38}.Debug|Any CPU.ActiveCfg = Debug|Any CPU
		{6138EDAA-8FAF-411B-B173-5F6931BD0A38}.Debug|Any CPU.Build.0 = Debug|Any CPU
		{6138EDAA-8FAF-411B-B173-5F6931BD0A38}.Release|Any CPU.ActiveCfg = Release|Any CPU
		{6138EDAA-8FAF-411B-B173-5F6931BD0A38}.Release|Any CPU.Build.0 = Release|Any CPU
	EndGlobalSection
	GlobalSection(SolutionProperties) = preSolution
		HideSolutionNode = FALSE
	EndGlobalSection
	GlobalSection(ExtensibilityGlobals) = postSolution
		SolutionGuid = {4AAC5A05-226F-47DC-9CBF-CFF28A8DCDA6}
	EndGlobalSection
EndGlobal
